PODS:
  - activity_recognition_flutter (0.0.1):
    - Flutter
  - fl_location (0.0.1):
    - Flutter
  - Flutter (1.0.0)
  - flutter_activity_recognition (0.0.1):
    - Flutter
  - flutter_local_notifications (0.0.1):
    - Flutter
  - geocoding_ios (1.0.5):
    - Flutter
  - geofence_service (0.0.1):
    - Flutter
  - geolocator_apple (1.2.0):
    - Flutter
    - FlutterMacOS
  - package_info_plus (0.4.5):
    - Flutter
  - permission_handler_apple (9.3.0):
    - Flutter
  - shared_preferences_foundation (0.0.1):
    - Flutter
    - FlutterMacOS
  - workmanager_apple (0.0.1):
    - Flutter

DEPENDENCIES:
  - activity_recognition_flutter (from `.symlinks/plugins/activity_recognition_flutter/ios`)
  - fl_location (from `.symlinks/plugins/fl_location/ios`)
  - Flutter (from `Flutter`)
  - flutter_activity_recognition (from `.symlinks/plugins/flutter_activity_recognition/ios`)
  - flutter_local_notifications (from `.symlinks/plugins/flutter_local_notifications/ios`)
  - geocoding_ios (from `.symlinks/plugins/geocoding_ios/ios`)
  - geofence_service (from `.symlinks/plugins/geofence_service/ios`)
  - geolocator_apple (from `.symlinks/plugins/geolocator_apple/darwin`)
  - package_info_plus (from `.symlinks/plugins/package_info_plus/ios`)
  - permission_handler_apple (from `.symlinks/plugins/permission_handler_apple/ios`)
  - shared_preferences_foundation (from `.symlinks/plugins/shared_preferences_foundation/darwin`)
  - workmanager_apple (from `.symlinks/plugins/workmanager_apple/ios`)

EXTERNAL SOURCES:
  activity_recognition_flutter:
    :path: ".symlinks/plugins/activity_recognition_flutter/ios"
  fl_location:
    :path: ".symlinks/plugins/fl_location/ios"
  Flutter:
    :path: Flutter
  flutter_activity_recognition:
    :path: ".symlinks/plugins/flutter_activity_recognition/ios"
  flutter_local_notifications:
    :path: ".symlinks/plugins/flutter_local_notifications/ios"
  geocoding_ios:
    :path: ".symlinks/plugins/geocoding_ios/ios"
  geofence_service:
    :path: ".symlinks/plugins/geofence_service/ios"
  geolocator_apple:
    :path: ".symlinks/plugins/geolocator_apple/darwin"
  package_info_plus:
    :path: ".symlinks/plugins/package_info_plus/ios"
  permission_handler_apple:
    :path: ".symlinks/plugins/permission_handler_apple/ios"
  shared_preferences_foundation:
    :path: ".symlinks/plugins/shared_preferences_foundation/darwin"
  workmanager_apple:
    :path: ".symlinks/plugins/workmanager_apple/ios"

SPEC CHECKSUMS:
  activity_recognition_flutter: f8491214017e03c97708e9b53e9d7d8068f4e8b5
  fl_location: df295f3fd4f3c2357d7d8f23b01b0c23f4c84e4e
  Flutter: cabc95a1d2626b1b06e7179b784ebcf0c0cde467
  flutter_activity_recognition: 52dfad4c1e9cec99f0841b3ed0efcc9d424b3deb
  flutter_local_notifications: a5a732f069baa862e728d839dd2ebb904737effb
  geocoding_ios: 33776c9ebb98d037b5e025bb0e7537f6dd19646e
  geofence_service: 55b58292760f0f491e22b6b91355aab40564cfad
  geolocator_apple: ab36aa0e8b7d7a2d7639b3b4e48308394e8cef5e
  package_info_plus: af8e2ca6888548050f16fa2f1938db7b5a5df499
  permission_handler_apple: 4ed2196e43d0651e8ff7ca3483a069d469701f2d
  shared_preferences_foundation: 7036424c3d8ec98dfe75ff1667cb0cd531ec82bb
  workmanager_apple: 904529ae31e97fc5be632cf628507652294a0778

PODFILE CHECKSUM: 22d46eb1b18af45cfa159d892319fc6f73ae9860

COCOAPODS: 1.16.2
